
Microsoft Visual Studio Solution File, Format Version 12.00
# Visual Studio 15
VisualStudioVersion = 15.0.27428.2037
MinimumVisualStudioVersion = 10.0.40219.1
Project("{F184B08F-C81C-45F6-A57F-5ABD9991F28F}") = "sait", "sait.vbproj", "{3AC4E97B-93F9-4482-AE46-2C2189D8A03C}"
EndProject
Global
	GlobalSection(SolutionConfigurationPlatforms) = preSolution
		Debug|x86 = Debug|x86
		Release|x86 = Release|x86
	EndGlobalSection
	GlobalSection(ProjectConfigurationPlatforms) = postSolution
		{3AC4E97B-93F9-4482-AE46-2C2189D8A03C}.Debug|x86.ActiveCfg = Debug|x86
		{3AC4E97B-93F9-4482-AE46-2C2189D8A03C}.Debug|x86.Build.0 = Debug|x86
		{3AC4E97B-93F9-4482-AE46-2C2189D8A03C}.Release|x86.ActiveCfg = Release|x86
		{3AC4E97B-93F9-4482-AE46-2C2189D8A03C}.Release|x86.Build.0 = Release|x86
	EndGlobalSection
	GlobalSection(SolutionProperties) = preSolution
		HideSolutionNode = FALSE
	EndGlobalSection
	GlobalSection(ExtensibilityGlobals) = postSolution
		SolutionGuid = {2391DF6F-E7D4-4013-AC48-F071230FBEF1}
	EndGlobalSection
EndGlobal
